<Solution>
  <Folder Name="/BuildingBlocks/">
    <Project Path="BuildingBlocks/BuildingBlocks.csproj" Id="7e7cb992-71a5-4c36-bba7-f316719d32e9" />
  </Folder>
  <Folder Name="/Services/" />
  <Folder Name="/Services/Catalog/">
    <Project Path="Services/Catalog/Catalog.API/Catalog.API.csproj" Id="1b41f474-ac54-4494-8ad8-b721f3cc0921" />
  </Folder>
  <Folder Name="/Solution Items/">
    <File Path="DailyProgress.txt" />
  </Folder>
</Solution>
