<Solution>
  <Folder Name="/ApiGateway/">
    <Project Path="ApiGateway/YarpAPIGateway/YarpAPIGateway.csproj" Id="2564c638-e0ec-45e1-9247-bf46032efd2e" />
  </Folder>
  <Folder Name="/BuildingBlocks/">
    <Project Path="BuildingBlocks.Messaging/BuildingBlocks.Messaging/BuildingBlocks.Messaging.csproj" Id="8d225180-adae-4440-ae0d-4861567d75a9" />
    <Project Path="BuildingBlocks/BuildingBlocks.csproj" Id="7e7cb992-71a5-4c36-bba7-f316719d32e9" />
  </Folder>
  <Folder Name="/Services/" />
  <Folder Name="/Services/Basket/">
    <File Path="BasketPayload.txt" />
    <Project Path="Services/Basket/Basket.API/Basket.API.csproj" Id="aa01b203-a5a5-4102-b394-eac08cbf547d" />
  </Folder>
  <Folder Name="/Services/Catalog/">
    <File Path="CatalogPayload.txt" />
    <Project Path="Services/Catalog/Catalog.API/Catalog.API.csproj" Id="1b41f474-ac54-4494-8ad8-b721f3cc0921" />
  </Folder>
  <Folder Name="/Services/Discount/">
    <Project Path="Services/Discount/Discount.Grpc/Discount.Grpc.csproj" Id="325d257b-a514-4d99-90e3-f9b5674b2421" />
  </Folder>
  <Folder Name="/Services/Ordering/">
    <File Path="OrderPayload.txt" />
    <Project Path="Services/Ordering/Ordering.API/Ordering.API.csproj" Id="4566df80-462a-4a9a-83ca-6c6adbba1c7d" />
    <Project Path="Services/Ordering/Ordering.Application/Ordering.Application.csproj" Id="89974a1a-31c0-44dc-b12a-0d08b66a718a" />
    <Project Path="Services/Ordering/Ordering.Domain/Ordering.Domain.csproj" Id="6a69b6a0-7d04-4211-ac93-60e6ddddebc5" />
    <Project Path="Services/Ordering/Ordering.Infra/Ordering.Infra.csproj" Id="e9732f06-9ca5-4208-888b-e2183ebd505e" />
  </Folder>
  <Folder Name="/WebApps/">
    <Project Path="WebApps/ShoppingCartWeb/ShoppingCartWeb.csproj" Id="db52d1aa-ca6e-4bfc-8453-32a2e19a8ec8" />
  </Folder>
  <Project Path="EShop_Microservices_First.dcproj">
    <Build />
  </Project>
</Solution>
